
Microsoft Visual Studio Solution File, Format Version 12.00
# Visual Studio Version 16
VisualStudioVersion = 16.0.31515.178
MinimumVisualStudioVersion = 10.0.40219.1
Project("{FAE04EC0-301F-11D3-BF4B-00C04F79EFBC}") = "array", "array\array.csproj", "{612E0D44-682A-4FC1-A29A-C10F007D8B20}"
EndProject
Global
	GlobalSection(SolutionConfigurationPlatforms) = preSolution
		Debug|Any CPU = Debug|Any CPU
		Release|Any CPU = Release|Any CPU
	EndGlobalSection
	GlobalSection(ProjectConfigurationPlatforms) = postSolution
		{612E0D44-682A-4FC1-A29A-C10F007D8B20}.Debug|Any CPU.ActiveCfg = Debug|Any CPU
		{612E0D44-682A-4FC1-A29A-C10F007D8B20}.Debug|Any CPU.Build.0 = Debug|Any CPU
		{612E0D44-682A-4FC1-A29A-C10F007D8B20}.Release|Any CPU.ActiveCfg = Release|Any CPU
		{612E0D44-682A-4FC1-A29A-C10F007D8B20}.Release|Any CPU.Build.0 = Release|Any CPU
	EndGlobalSection
	GlobalSection(SolutionProperties) = preSolution
		HideSolutionNode = FALSE
	EndGlobalSection
	GlobalSection(ExtensibilityGlobals) = postSolution
		SolutionGuid = {04B08BE0-0817-4304-958D-88080AE9DE09}
	EndGlobalSection
EndGlobal
